<?xml version="1.0" encoding="UTF-8" standalone="yes" ?>
<CodeBlocks_project_file>
	<FileVersion major="1" minor="6" />
	<Project>
		<Option title="NumeRe" />
		<Option pch_mode="2" />
		<Option compiler="tdm-gcc" />
		<MakeCommands>
			<Build command="" />
			<CompileFile command="" />
			<Clean command="" />
			<DistClean command="" />
			<AskRebuildNeeded command="" />
			<SilentBuild command=" &gt; $(CMD_NULL)" />
		</MakeCommands>
		<Build>
			<Target title="Debug">
				<Option output="../../../Software/NumeRe/numere" prefix_auto="1" extension_auto="1" />
				<Option working_dir="../../../Software/NumeRe/." />
				<Option object_output="Debug" />
				<Option type="0" />
				<Option compiler="tdm-gcc" />
				<Compiler>
					<Add option="-Wall" />
					<Add option="-g" />
					<Add option="-std=gnu++11" />
					<Add option="-mthreads" />
					<Add option="-DDLLVER_MAJOR_MASK" />
					<Add option="-DwxUSE_REGEX" />
					<Add option="-DwxDIALOG_MODAL" />
					<Add option="-DwxUSE_UNICODE" />
					<Add option="-D__GNUWIN32__" />
					<Add option="-D__WXMSW__" />
					<Add option="-DWXDEBUG" />
					<Add option="-DDO_LOG" />
					<Add directory="$(#wx)/lib/gcc_lib/mswu" />
					<Add directory="$(#wx)/include" />
				</Compiler>
				<ResourceCompiler>
					<Add directory="$(#wx)/include/" />
				</ResourceCompiler>
				<Linker>
					<Add library="wxmsw30u_stc" />
					<Add library="wxscintilla" />
					<Add library="wxmsw30u_media" />
					<Add library="wxmsw30u_adv" />
					<Add library="wxmsw30u_gl" />
					<Add library="wxmsw30u_html" />
					<Add library="wxexpat" />
					<Add library="wxbase30u_xml" />
					<Add library="wxbase30u_net" />
					<Add library="wxmsw30u_core" />
					<Add library="wxbase30u" />
					<Add library="wxregexu" />
					<Add library="wxjpeg" />
					<Add library="wxpng" />
					<Add library="wxtiff" />
					<Add library="wxzlib" />
					<Add library="rpcrt4" />
					<Add library="winmm" />
					<Add library="advapi32" />
					<Add library="version" />
					<Add library="wsock32" />
					<Add library="comctl32" />
					<Add library="ole32" />
					<Add library="uuid" />
					<Add library="winspool" />
					<Add library="oleaut32" />
					<Add directory="$(#wx)/lib/gcc_lib" />
				</Linker>
			</Target>
			<Target title="Release_dynamic">
				<Option output="Release/NumeRe" prefix_auto="1" extension_auto="1" />
				<Option object_output="Release_dynamic" />
				<Option type="0" />
				<Option compiler="tdm-gcc" />
				<Compiler>
					<Add option="-O3" />
					<Add option="-std=gnu++11" />
					<Add option="-DDLLVER_MAJOR_MASK" />
					<Add option="-DwxUSE_REGEX" />
					<Add option="-DwxDIALOG_MODAL" />
					<Add option="-DwxUSE_UNICODE" />
					<Add option="-D__GNUWIN32__" />
					<Add option="-D__WXMSW__" />
					<Add option="-DWXUSINGDLL" />
					<Add option="-DRELEASE" />
					<Add directory="$(#wx)/lib/gcc_dll/mswu" />
					<Add directory="$(#wx)/include" />
				</Compiler>
				<ResourceCompiler>
					<Add directory="$(#wx)/include/" />
				</ResourceCompiler>
				<Linker>
					<Add option="-s" />
					<Add library="wxbase30u" />
					<Add library="wxbase30u_net" />
					<Add library="wxbase30u_xml" />
					<Add library="wxmsw30u_core" />
					<Add library="wxmsw30u_adv" />
					<Add library="wxmsw30u_gl" />
					<Add library="wxmsw30u_html" />
					<Add library="wxmsw30u_stc" />
					<Add library="wxjpeg" />
					<Add library="wxregexu" />
					<Add library="wxpng" />
					<Add library="wxtiff" />
					<Add library="wxzlib" />
					<Add library="comctl32" />
					<Add library="rpcrt4" />
					<Add library="winmm" />
					<Add library="advapi32" />
					<Add library="wsock32" />
					<Add library="ole32" />
					<Add library="version" />
					<Add directory="$(#wx)/lib/gcc_dll" />
				</Linker>
			</Target>
			<Target title="Debug_dynamic">
				<Option output="Debug/NumeRe" prefix_auto="1" extension_auto="1" />
				<Option object_output="Debug_dynamic" />
				<Option type="0" />
				<Option compiler="tdm-gcc" />
				<Compiler>
					<Add option="-Wall" />
					<Add option="-g" />
					<Add option="-std=gnu++11" />
					<Add option="-DDLLVER_MAJOR_MASK" />
					<Add option="-DwxUSE_REGEX" />
					<Add option="-DwxDIALOG_MODAL" />
					<Add option="-DwxUSE_UNICODE" />
					<Add option="-D__GNUWIN32__" />
					<Add option="-D__WXMSW__" />
					<Add option="-DWXUSINGDLL" />
					<Add directory="$(#wx)/lib/gcc_dll/mswu" />
					<Add directory="$(#wx)/include" />
				</Compiler>
				<ResourceCompiler>
					<Add directory="$(#wx)/include/" />
				</ResourceCompiler>
				<Linker>
					<Add library="wxbase30u" />
					<Add library="wxbase30u_net" />
					<Add library="wxbase30u_xml" />
					<Add library="wxmsw30u_core" />
					<Add library="wxmsw30u_adv" />
					<Add library="wxmsw30u_gl" />
					<Add library="wxmsw30u_html" />
					<Add library="wxmsw30u_stc" />
					<Add library="wxjpeg" />
					<Add library="wxregexu" />
					<Add library="wxpng" />
					<Add library="wxtiff" />
					<Add library="wxzlib" />
					<Add library="comctl32" />
					<Add library="rpcrt4" />
					<Add library="winmm" />
					<Add library="advapi32" />
					<Add library="wsock32" />
					<Add library="ole32" />
					<Add library="version" />
					<Add directory="$(#wx)/lib/gcc_dll" />
				</Linker>
			</Target>
			<Target title="Release">
				<Option output="../../Software/rc/NumeRe/numere" prefix_auto="1" extension_auto="1" />
				<Option object_output="Release" />
				<Option type="0" />
				<Option compiler="tdm-gcc" />
				<Compiler>
					<Add option="-O3" />
					<Add option="-Wall" />
					<Add option="-std=gnu++11" />
					<Add option="-DDLLVER_MAJOR_MASK" />
					<Add option="-DwxUSE_REGEX" />
					<Add option="-DwxDIALOG_MODAL" />
					<Add option="-DwxUSE_UNICODE" />
					<Add option="-D__GNUWIN32__" />
					<Add option="-D__WXMSW__" />
					<Add option="-DRELEASE" />
					<Add directory="$(#wx)/lib/gcc_lib/mswu" />
					<Add directory="$(#wx)/include" />
				</Compiler>
				<ResourceCompiler>
					<Add directory="$(#wx)/include/" />
				</ResourceCompiler>
				<Linker>
					<Add option="-s" />
					<Add library="wxmsw30u_stc" />
					<Add library="wxscintilla" />
					<Add library="wxmsw30u_media" />
					<Add library="wxmsw30u_adv" />
					<Add library="wxmsw30u_gl" />
					<Add library="wxmsw30u_html" />
					<Add library="wxexpat" />
					<Add library="wxbase30u_xml" />
					<Add library="wxbase30u_net" />
					<Add library="wxmsw30u_core" />
					<Add library="wxbase30u" />
					<Add library="wxregexu" />
					<Add library="wxjpeg" />
					<Add library="wxpng" />
					<Add library="wxtiff" />
					<Add library="wxzlib" />
					<Add library="rpcrt4" />
					<Add library="winmm" />
					<Add library="advapi32" />
					<Add library="version" />
					<Add library="wsock32" />
					<Add library="comctl32" />
					<Add library="ole32" />
					<Add library="uuid" />
					<Add library="winspool" />
					<Add library="oleaut32" />
					<Add directory="$(#wx)/lib/gcc_lib" />
				</Linker>
			</Target>
			<Target title="Profiling">
				<Option output="../../../Software/NumeRe/numere" prefix_auto="1" extension_auto="1" />
				<Option object_output="Debug/Profiling" />
				<Option type="0" />
				<Option compiler="tdm-gcc" />
				<Compiler>
					<Add option="-O3" />
					<Add option="-Wall" />
					<Add option="-std=gnu++11" />
					<Add option="-mthreads" />
					<Add option="-DDLLVER_MAJOR_MASK" />
					<Add option="-DwxUSE_REGEX" />
					<Add option="-DwxDIALOG_MODAL" />
					<Add option="-DwxUSE_UNICODE" />
					<Add option="-D__GNUWIN32__" />
					<Add option="-D__WXMSW__" />
					<Add directory="$(#wx)/lib/gcc_lib/mswu" />
					<Add directory="$(#wx)/include" />
				</Compiler>
				<ResourceCompiler>
					<Add directory="$(#wx)/include/" />
				</ResourceCompiler>
				<Linker>
					<Add library="wxmsw30u_stc" />
					<Add library="wxscintilla" />
					<Add library="wxmsw30u_media" />
					<Add library="wxmsw30u_adv" />
					<Add library="wxmsw30u_gl" />
					<Add library="wxmsw30u_html" />
					<Add library="wxexpat" />
					<Add library="wxbase30u_xml" />
					<Add library="wxbase30u_net" />
					<Add library="wxmsw30u_core" />
					<Add library="wxbase30u" />
					<Add library="wxregexu" />
					<Add library="wxjpeg" />
					<Add library="wxpng" />
					<Add library="wxtiff" />
					<Add library="wxzlib" />
					<Add library="rpcrt4" />
					<Add library="winmm" />
					<Add library="advapi32" />
					<Add library="version" />
					<Add library="wsock32" />
					<Add library="comctl32" />
					<Add library="ole32" />
					<Add library="uuid" />
					<Add library="winspool" />
					<Add library="oleaut32" />
					<Add directory="$(#wx)/lib/gcc_lib" />
				</Linker>
			</Target>
		</Build>
		<Compiler>
			<Add option="-D__MSVCRT_VERSION__=0x0601" />
		</Compiler>
		<Linker>
			<Add option="-lmgl" />
			<Add option="-lgsl" />
			<Add option="-lgslcblas" />
			<Add option="-Wl,--stack,8388608" />
		</Linker>
		<Unit filename="Chameleon.rc">
			<Option compilerVar="WINDRES" />
		</Unit>
		<Unit filename="common/CommonHeaders.h" />
		<Unit filename="common/Crc16.cpp" />
		<Unit filename="common/Crc16.h" />
		<Unit filename="common/DebugEvent.cpp" />
		<Unit filename="common/DebugEvent.h" />
		<Unit filename="common/Options.h" />
		<Unit filename="common/ProjectInfo.cpp" />
		<Unit filename="common/ProjectInfo.h" />
		<Unit filename="common/chameleonprocessevent.cpp" />
		<Unit filename="common/chameleonprocessevent.h" />
		<Unit filename="common/datastructures.h" />
		<Unit filename="common/debug.h" />
		<Unit filename="common/filewatcher.cpp" />
		<Unit filename="common/filewatcher.hpp" />
		<Unit filename="common/fixvsbug.h" />
		<Unit filename="common/options.cpp" />
		<Unit filename="common/recycler.cpp" />
		<Unit filename="common/recycler.hpp" />
		<Unit filename="common/tree.h" />
		<Unit filename="common/tree_msvc.h" />
		<Unit filename="common/tree_util.h" />
		<Unit filename="common/verinfo.cpp" />
		<Unit filename="common/verinfo.h" />
		<Unit filename="gui/ChameleonProjectManager.cpp" />
		<Unit filename="gui/ChameleonProjectManager.h" />
		<Unit filename="gui/DirTraverser.cpp" />
		<Unit filename="gui/DirTraverser.hpp" />
		<Unit filename="gui/IconManager.cpp" />
		<Unit filename="gui/IconManager.h" />
		<Unit filename="gui/NumeReNotebook.cpp" />
		<Unit filename="gui/NumeReNotebook.h" />
		<Unit filename="gui/NumeReStatusbar.cpp" />
		<Unit filename="gui/NumeReStatusbar.hpp" />
		<Unit filename="gui/NumeReWindow.cpp" />
		<Unit filename="gui/NumeReWindow.h" />
		<Unit filename="gui/dialogs/AboutChameleonDialog.cpp" />
		<Unit filename="gui/dialogs/AboutChameleonDialog.h" />
		<Unit filename="gui/dialogs/AddVariableWatch.cpp" />
		<Unit filename="gui/dialogs/AddVariableWatch.h" />
		<Unit filename="gui/dialogs/OptionsDialog.cpp" />
		<Unit filename="gui/dialogs/OptionsDialog.h" />
		<Unit filename="gui/dialogs/RemoteFileDialog.cpp" />
		<Unit filename="gui/dialogs/RemoteFileDialog.h" />
		<Unit filename="gui/dialogs/debugviewer.cpp" />
		<Unit filename="gui/dialogs/debugviewer.hpp" />
		<Unit filename="gui/dialogs/duplicatecodedialog.cpp" />
		<Unit filename="gui/dialogs/duplicatecodedialog.hpp" />
		<Unit filename="gui/dialogs/fndrpldialog.cpp" />
		<Unit filename="gui/dialogs/fndrpldialog.hpp" />
		<Unit filename="gui/dialogs/grouppanel.cpp" />
		<Unit filename="gui/dialogs/grouppanel.hpp" />
		<Unit filename="gui/dialogs/renamesymbolsdialog.cpp" />
		<Unit filename="gui/dialogs/renamesymbolsdialog.hpp" />
		<Unit filename="gui/dialogs/tipdialog.cpp" />
		<Unit filename="gui/dialogs/tipdialog.hpp" />
		<Unit filename="gui/dialogs/treelistctrl.cpp" />
		<Unit filename="gui/dialogs/treelistctrl.h" />
		<Unit filename="gui/dialogs/variableviewer.cpp" />
		<Unit filename="gui/dialogs/variableviewer.hpp" />
		<Unit filename="gui/dialogs/wxTermContainer.cpp" />
		<Unit filename="gui/dialogs/wxTermContainer.h" />
		<Unit filename="gui/documentationbrowser.cpp" />
		<Unit filename="gui/documentationbrowser.hpp" />
		<Unit filename="gui/editor/NumeRePrintout.cpp" />
		<Unit filename="gui/editor/NumeRePrintout.h" />
		<Unit filename="gui/editor/editor.cpp" />
		<Unit filename="gui/editor/editor.h" />
		<Unit filename="gui/editor/history.cpp" />
		<Unit filename="gui/editor/history.hpp" />
		<Unit filename="gui/filetree.cpp" />
		<Unit filename="gui/filetree.hpp" />
		<Unit filename="gui/globals.hpp" />
		<Unit filename="gui/graphviewer.cpp" />
		<Unit filename="gui/graphviewer.hpp" />
		<Unit filename="gui/helpviewer.cpp" />
		<Unit filename="gui/helpviewer.hpp" />
		<Unit filename="gui/imagepanel.cpp" />
		<Unit filename="gui/imagepanel.hpp" />
		<Unit filename="gui/numeredroptarget.cpp" />
		<Unit filename="gui/numeredroptarget.hpp" />
		<Unit filename="gui/tableeditpanel.cpp" />
		<Unit filename="gui/tableeditpanel.hpp" />
		<Unit filename="gui/tableviewer.cpp" />
		<Unit filename="gui/tableviewer.hpp" />
		<Unit filename="gui/terminal/LocalProcessManager.cpp" />
		<Unit filename="gui/terminal/LocalProcessManager.h" />
		<Unit filename="gui/terminal/PipedProcess.cpp" />
		<Unit filename="gui/terminal/PipedProcess.h" />
		<Unit filename="gui/terminal/TextManager.cpp" />
		<Unit filename="gui/terminal/TextManager.h" />
		<Unit filename="gui/terminal/actions.cpp" />
		<Unit filename="gui/terminal/gterm.cpp" />
		<Unit filename="gui/terminal/gterm.hpp" />
		<Unit filename="gui/terminal/networking.cpp" />
		<Unit filename="gui/terminal/networking.h" />
		<Unit filename="gui/terminal/plinkconnect.cpp" />
		<Unit filename="gui/terminal/plinkconnect.h" />
		<Unit filename="gui/terminal/utils.cpp" />
		<Unit filename="gui/terminal/winmesgbeep.cpp" />
		<Unit filename="gui/terminal/wxssh.cpp" />
		<Unit filename="gui/terminal/wxssh.h" />
		<Unit filename="gui/terminal/wxterm.cpp" />
		<Unit filename="gui/terminal/wxterm.h" />
		<Unit filename="gui/textsplashscreen.hpp" />
		<Unit filename="gui/viewerbook.cpp" />
		<Unit filename="gui/viewerbook.hpp" />
		<Unit filename="gui/viewerframe.cpp" />
		<Unit filename="gui/viewerframe.hpp" />
		<Unit filename="gui/viewerpanel.cpp" />
		<Unit filename="gui/viewerpanel.hpp" />
		<Unit filename="gui/wx.cpp" />
		<Unit filename="gui/wx.h" />
		<Unit filename="gui/wxProportionalSplitterWindow.h" />
		<Unit filename="kernel/core/IgorLib/CrossPlatformFileIO.cpp" />
		<Unit filename="kernel/core/IgorLib/CrossPlatformFileIO.h" />
		<Unit filename="kernel/core/IgorLib/IgorBin.h" />
		<Unit filename="kernel/core/IgorLib/ReadWave.cpp" />
		<Unit filename="kernel/core/IgorLib/ReadWave.h" />
		<Unit filename="kernel/core/ParserLib/muParser.cpp" />
		<Unit filename="kernel/core/ParserLib/muParser.h" />
		<Unit filename="kernel/core/ParserLib/muParserBase.cpp" />
		<Unit filename="kernel/core/ParserLib/muParserBase.h" />
		<Unit filename="kernel/core/ParserLib/muParserBytecode.cpp" />
		<Unit filename="kernel/core/ParserLib/muParserBytecode.h" />
		<Unit filename="kernel/core/ParserLib/muParserCallback.cpp" />
		<Unit filename="kernel/core/ParserLib/muParserCallback.h" />
		<Unit filename="kernel/core/ParserLib/muParserDef.h" />
		<Unit filename="kernel/core/ParserLib/muParserError.cpp" />
		<Unit filename="kernel/core/ParserLib/muParserError.h" />
		<Unit filename="kernel/core/ParserLib/muParserFixes.h" />
		<Unit filename="kernel/core/ParserLib/muParserInt.cpp" />
		<Unit filename="kernel/core/ParserLib/muParserInt.h" />
		<Unit filename="kernel/core/ParserLib/muParserStack.h" />
		<Unit filename="kernel/core/ParserLib/muParserTemplateMagic.h" />
		<Unit filename="kernel/core/ParserLib/muParserTest.cpp" />
		<Unit filename="kernel/core/ParserLib/muParserTest.h" />
		<Unit filename="kernel/core/ParserLib/muParserToken.h" />
		<Unit filename="kernel/core/ParserLib/muParserTokenReader.cpp" />
		<Unit filename="kernel/core/ParserLib/muParserTokenReader.h" />
		<Unit filename="kernel/core/built-in.cpp" />
		<Unit filename="kernel/core/built-in.hpp" />
		<Unit filename="kernel/core/datamanagement/cache.cpp" />
		<Unit filename="kernel/core/datamanagement/cache.hpp" />
		<Unit filename="kernel/core/datamanagement/container.hpp" />
		<Unit filename="kernel/core/datamanagement/dataaccess.cpp" />
		<Unit filename="kernel/core/datamanagement/dataaccess.hpp" />
		<Unit filename="kernel/core/datamanagement/datafile.cpp" />
		<Unit filename="kernel/core/datamanagement/datafile.hpp" />
		<Unit filename="kernel/core/datamanagement/dataops.cpp" />
		<Unit filename="kernel/core/datamanagement/dataops.hpp" />
		<Unit filename="kernel/core/datamanagement/indices.cpp" />
		<Unit filename="kernel/core/datamanagement/memory.cpp" />
		<Unit filename="kernel/core/datamanagement/memory.hpp" />
		<Unit filename="kernel/core/datamanagement/sorter.cpp" />
		<Unit filename="kernel/core/datamanagement/sorter.hpp" />
		<Unit filename="kernel/core/datamanagement/stringmemory.cpp" />
		<Unit filename="kernel/core/datamanagement/stringmemory.hpp" />
		<Unit filename="kernel/core/datamanagement/table.cpp" />
		<Unit filename="kernel/core/datamanagement/table.hpp" />
		<Unit filename="kernel/core/documentation/doc_helper.cpp" />
		<Unit filename="kernel/core/documentation/doc_helper.hpp" />
		<Unit filename="kernel/core/documentation/documentation.cpp" />
		<Unit filename="kernel/core/documentation/documentation.hpp" />
		<Unit filename="kernel/core/filesystem.cpp" />
		<Unit filename="kernel/core/filesystem.hpp" />
		<Unit filename="kernel/core/io/fileops.cpp" />
		<Unit filename="kernel/core/io/fileops.hpp" />
		<Unit filename="kernel/core/io/output.cpp" />
		<Unit filename="kernel/core/io/output.hpp" />
		<Unit filename="kernel/core/maths/define.cpp" />
		<Unit filename="kernel/core/maths/define.hpp" />
		<Unit filename="kernel/core/maths/fitcontroller.cpp" />
		<Unit filename="kernel/core/maths/fitcontroller.hpp" />
		<Unit filename="kernel/core/maths/functionimplementation.cpp" />
		<Unit filename="kernel/core/maths/functionimplementation.hpp" />
		<Unit filename="kernel/core/maths/matrixoperations.cpp" />
		<Unit filename="kernel/core/maths/odesolver.cpp" />
		<Unit filename="kernel/core/maths/odesolver.hpp" />
		<Unit filename="kernel/core/maths/parser_functions.cpp" />
		<Unit filename="kernel/core/maths/parser_functions.hpp" />
		<Unit filename="kernel/core/maths/resampler.cpp" />
		<Unit filename="kernel/core/maths/resampler.h" />
		<Unit filename="kernel/core/maths/spline.h" />
		<Unit filename="kernel/core/maths/wavelet.cpp" />
		<Unit filename="kernel/core/maths/wavelet.hpp" />
		<Unit filename="kernel/core/plotting/graph_helper.cpp" />
		<Unit filename="kernel/core/plotting/graph_helper.hpp" />
		<Unit filename="kernel/core/plotting/plotdata.cpp" />
		<Unit filename="kernel/core/plotting/plotdata.hpp" />
		<Unit filename="kernel/core/plotting/plotinfo.hpp" />
		<Unit filename="kernel/core/plotting/plotting.cpp" />
		<Unit filename="kernel/core/plotting/plotting.hpp" />
		<Unit filename="kernel/core/plugin.cpp" />
		<Unit filename="kernel/core/plugin.hpp" />
		<Unit filename="kernel/core/plugin_histogram.cpp" />
		<Unit filename="kernel/core/plugin_random.cpp" />
		<Unit filename="kernel/core/plugin_statistics.cpp" />
		<Unit filename="kernel/core/plugins.hpp" />
		<Unit filename="kernel/core/procedure/debugger.cpp" />
		<Unit filename="kernel/core/procedure/debugger.hpp" />
		<Unit filename="kernel/core/procedure/flowctrl.cpp" />
		<Unit filename="kernel/core/procedure/flowctrl.hpp" />
		<Unit filename="kernel/core/procedure/procedure.cpp" />
		<Unit filename="kernel/core/procedure/procedure.hpp" />
		<Unit filename="kernel/core/procedure/procedurecommandline.hpp" />
		<Unit filename="kernel/core/procedure/procedureelement.cpp" />
		<Unit filename="kernel/core/procedure/procedureelement.hpp" />
		<Unit filename="kernel/core/procedure/procedurelibrary.cpp" />
		<Unit filename="kernel/core/procedure/procedurelibrary.hpp" />
		<Unit filename="kernel/core/procedure/procedurevarfactory.cpp" />
		<Unit filename="kernel/core/procedure/procedurevarfactory.hpp" />
		<Unit filename="kernel/core/script.cpp" />
		<Unit filename="kernel/core/script.hpp" />
		<Unit filename="kernel/core/settings.cpp" />
		<Unit filename="kernel/core/settings.hpp" />
		<Unit filename="kernel/core/stringparsing.cpp" />
		<Unit filename="kernel/core/structures.hpp" />
		<Unit filename="kernel/core/ui/error.cpp" />
		<Unit filename="kernel/core/ui/error.hpp" />
		<Unit filename="kernel/core/ui/language.cpp" />
		<Unit filename="kernel/core/ui/language.hpp" />
		<Unit filename="kernel/core/utils/BasicExcel.cpp" />
		<Unit filename="kernel/core/utils/BasicExcel.hpp" />
		<Unit filename="kernel/core/utils/tinyxml2.cpp" />
		<Unit filename="kernel/core/utils/tinyxml2.h" />
		<Unit filename="kernel/core/utils/tools.cpp" />
		<Unit filename="kernel/core/utils/tools.hpp" />
		<Unit filename="kernel/core/utils/unzip.cpp" />
		<Unit filename="kernel/core/utils/unzip.h" />
		<Unit filename="kernel/core/utils/zip++.cpp" />
		<Unit filename="kernel/core/utils/zip++.hpp" />
		<Unit filename="kernel/core/utils/zip.cpp" />
		<Unit filename="kernel/core/utils/zip.h" />
		<Unit filename="kernel/core/version.h" />
		<Unit filename="kernel/debugmessenger.cpp" />
		<Unit filename="kernel/debugmessenger.hpp" />
		<Unit filename="kernel/kernel.cpp" />
		<Unit filename="kernel/kernel.hpp" />
		<Unit filename="kernel/syntax.cpp" />
		<Unit filename="kernel/syntax.hpp" />
		<Extensions>
			<code_completion />
			<envvars />
			<debugger />
			<lib_finder disable_auto="1" />
			<AutoVersioning>
				<Scheme minor_max="9" build_max="9" rev_max="0" rev_rand_max="10" build_times_to_increment_minor="100" />
				<Settings autoincrement="0" date_declarations="1" use_define="0" update_manifest="0" do_auto_increment="0" ask_to_increment="0" language="C++" svn="0" svn_directory="" header_path="kernel\core\version.h" />
				<Changes_Log show_changes_editor="0" app_title='NumeRe v %M.%m.%b &quot;%T&quot; rev. %r' changeslog_path="Release\ChangesLog.txt" />
				<Code header_guard="VERSION_H" namespace="AutoVersion" prefix="" />
			</AutoVersioning>
			<DoxyBlocks>
				<comment_style block="0" line="2" />
				<doxyfile_project />
				<doxyfile_build />
				<doxyfile_warnings />
				<doxyfile_output />
				<doxyfile_dot />
				<general />
			</DoxyBlocks>
		</Extensions>
	</Project>
</CodeBlocks_project_file>
