<?xml version="1.0" encoding="UTF-8" standalone="yes" ?>
<CodeBlocks_project_file>
	<FileVersion major="1" minor="6" />
	<Project>
		<Option title="ProfManager" />
		<Option pch_mode="2" />
		<Option compiler="tdm-gcc" />
		<Build>
			<Target title="Debug Win32">
				<Option output="Debug/ProfManager" prefix_auto="1" extension_auto="1" />
				<Option object_output="Debug" />
				<Option type="0" />
				<Option compiler="tdm-gcc" />
				<Compiler>
					<Add directory="$(#wx)/lib/gcc_dll/mswu" />
					<Add directory="$(#wx)/include" />
				</Compiler>
				<Linker>
					<Add library="wxbase28d" />
					<Add library="wxbase28d_net" />
					<Add library="wxbase28d_xml" />
					<Add library="wxmsw28d_core" />
					<Add library="wxmsw28d_adv" />
					<Add library="wxmsw28d_gl" />
					<Add library="wxmsw28d_html" />
					<Add library="wxmsw28d_stc" />
					<Add library="wxjpegd" />
					<Add library="wxregexd" />
					<Add library="wxpngd" />
					<Add library="wxtiffd" />
					<Add library="wxzlibd" />
					<Add library="comctl32" />
					<Add library="rpcrt4" />
					<Add library="winmm" />
					<Add library="advapi32" />
					<Add library="wsock32" />
					<Add directory="$(#wx)/lib/" />
				</Linker>
			</Target>
			<Target title="Release Win32">
				<Option output="Release/ProfManager" prefix_auto="1" extension_auto="1" />
				<Option object_output="Release" />
				<Option type="0" />
				<Option compiler="tdm-gcc" />
				<Compiler>
					<Add directory="$(#wx)/lib/gcc_dll/mswu" />
					<Add directory="$(#wx)/include" />
				</Compiler>
				<Linker>
					<Add library="libwxbase30u.a" />
					<Add library="wxbase30u_net" />
					<Add library="wxbase30u_xml" />
					<Add library="wxmsw30u_core" />
					<Add library="wxmsw30u_adv" />
					<Add library="wxmsw30u_gl" />
					<Add library="wxmsw30u_html" />
					<Add library="wxmsw30u_stc" />
					<Add library="wxjpeg" />
					<Add library="wxregexu" />
					<Add library="wxpng" />
					<Add library="wxtiff" />
					<Add library="wxzlib" />
					<Add library="comctl32" />
					<Add library="rpcrt4" />
					<Add library="winmm" />
					<Add library="advapi32" />
					<Add library="wsock32" />
					<Add directory="$(#wx)/lib/gcc_dll" />
				</Linker>
			</Target>
		</Build>
		<Compiler>
			<Add option="-std=gnu++11" />
		</Compiler>
		<Unit filename="common/Crc16.cpp" />
		<Unit filename="common/Crc16.h" />
		<Unit filename="common/datastructures.h" />
		<Unit filename="perms/p.cpp" />
		<Unit filename="perms/p.h" />
		<Unit filename="profmanager/ProfOptionsDialog.cpp" />
		<Unit filename="profmanager/ProfOptionsDialog.h" />
		<Unit filename="profmanager/ProfOptionsManager.cpp" />
		<Extensions>
			<code_completion />
			<envvars />
			<debugger />
		</Extensions>
	</Project>
</CodeBlocks_project_file>
